
Microsoft Visual Studio Solution File, Format Version 12.00
# Visual Studio 2012
Project("{FAE04EC0-301F-11D3-BF4B-00C04F79EFBC}") = "LB LMAOnline", "LB LMAOnline\LB LMAOnline.csproj", "{873A340E-2FE7-4176-BC48-33BEDCF4041B}"
EndProject
Global
	GlobalSection(SolutionConfigurationPlatforms) = preSolution
		Debug|Any CPU = Debug|Any CPU
		Release|Any CPU = Release|Any CPU
	EndGlobalSection
	GlobalSection(ProjectConfigurationPlatforms) = postSolution
		{873A340E-2FE7-4176-BC48-33BEDCF4041B}.Debug|Any CPU.ActiveCfg = Debug|Any CPU
		{873A340E-2FE7-4176-BC48-33BEDCF4041B}.Debug|Any CPU.Build.0 = Debug|Any CPU
		{873A340E-2FE7-4176-BC48-33BEDCF4041B}.Release|Any CPU.ActiveCfg = Release|Any CPU
		{873A340E-2FE7-4176-BC48-33BEDCF4041B}.Release|Any CPU.Build.0 = Release|Any CPU
	EndGlobalSection
	GlobalSection(SolutionProperties) = preSolution
		HideSolutionNode = FALSE
	EndGlobalSection
EndGlobal
